
Microsoft Visual Studio Solution File, Format Version 12.00
# Visual Studio Version 17
VisualStudioVersion = 17.2.32630.192
MinimumVisualStudioVersion = 10.0.40219.1
Project("{FAE04EC0-301F-11D3-BF4B-00C04F79EFBC}") = "HelloWorld6-8", "HelloWorld6-8\HelloWorld6-8.csproj", "{833BECF0-C0B6-4B0B-A153-A93117CFA862}"
EndProject
Global
	GlobalSection(SolutionConfigurationPlatforms) = preSolution
		Debug|Any CPU = Debug|Any CPU
		Release|Any CPU = Release|Any CPU
	EndGlobalSection
	GlobalSection(ProjectConfigurationPlatforms) = postSolution
		{833BECF0-C0B6-4B0B-A153-A93117CFA862}.Debug|Any CPU.ActiveCfg = Debug|Any CPU
		{833BECF0-C0B6-4B0B-A153-A93117CFA862}.Debug|Any CPU.Build.0 = Debug|Any CPU
		{833BECF0-C0B6-4B0B-A153-A93117CFA862}.Release|Any CPU.ActiveCfg = Release|Any CPU
		{833BECF0-C0B6-4B0B-A153-A93117CFA862}.Release|Any CPU.Build.0 = Release|Any CPU
	EndGlobalSection
	GlobalSection(SolutionProperties) = preSolution
		HideSolutionNode = FALSE
	EndGlobalSection
	GlobalSection(ExtensibilityGlobals) = postSolution
		SolutionGuid = {0D7CF2B3-A2EE-4832-9004-C96B9D19933B}
	EndGlobalSection
EndGlobal
